// !$*UTF8*$!
{
	archiveVersion = 1;
	classes = {
	};
	objectVersion = 50;
	objects = {

/* Begin PBXBuildFile section */
		493723C4211A9B740032E16D /* UpdateProfile.swift in Sources */ = {isa = PBXBuildFile; fileRef = 493723C3211A9B740032E16D /* UpdateProfile.swift */; };
		493A037C211520E5003C5922 /* Posts.swift in Sources */ = {isa = PBXBuildFile; fileRef = 493A037B211520E5003C5922 /* Posts.swift */; };
		493A037E211524E4003C5922 /* UploadPostsViewController.swift in Sources */ = {isa = PBXBuildFile; fileRef = 493A037D211524E4003C5922 /* UploadPostsViewController.swift */; };
		493A038021152539003C5922 /* UploadPosts.storyboard in Resources */ = {isa = PBXBuildFile; fileRef = 493A037F21152539003C5922 /* UploadPosts.storyboard */; };
		493A038321154B36003C5922 /* UploadPosts.swift in Sources */ = {isa = PBXBuildFile; fileRef = 493A038221154B36003C5922 /* UploadPosts.swift */; };
		493A038521154B88003C5922 /* UserProfile.swift in Sources */ = {isa = PBXBuildFile; fileRef = 493A038421154B88003C5922 /* UserProfile.swift */; };
		493E178121129A4700768C30 /* Main.storyboard in Resources */ = {isa = PBXBuildFile; fileRef = 493E177721129A4400768C30 /* Main.storyboard */; };
		493E178221129A4700768C30 /* SignInViewController.swift in Sources */ = {isa = PBXBuildFile; fileRef = 493E177821129A4500768C30 /* SignInViewController.swift */; };
		493E178321129A4700768C30 /* AppDelegate.swift in Sources */ = {isa = PBXBuildFile; fileRef = 493E177921129A4500768C30 /* AppDelegate.swift */; };
		493E178421129A4700768C30 /* LaunchScreen.storyboard in Resources */ = {isa = PBXBuildFile; fileRef = 493E177A21129A4500768C30 /* LaunchScreen.storyboard */; };
		493E178521129A4700768C30 /* ViewController.swift in Sources */ = {isa = PBXBuildFile; fileRef = 493E177B21129A4500768C30 /* ViewController.swift */; };
		493E178721129A4700768C30 /* SignUpViewController.swift in Sources */ = {isa = PBXBuildFile; fileRef = 493E177D21129A4600768C30 /* SignUpViewController.swift */; };
		493E178921129A4700768C30 /* HomeViewController.swift in Sources */ = {isa = PBXBuildFile; fileRef = 493E177F21129A4700768C30 /* HomeViewController.swift */; };
		493E178A21129A4700768C30 /* Info.plist in Resources */ = {isa = PBXBuildFile; fileRef = 493E178021129A4700768C30 /* Info.plist */; };
		493E178C21129B6500768C30 /* GoogleService-Info.plist in Resources */ = {isa = PBXBuildFile; fileRef = 493E178B21129B6400768C30 /* GoogleService-Info.plist */; };
		493E179D2112A70A00768C30 /* Assets.xcassets in Resources */ = {isa = PBXBuildFile; fileRef = 493E179C2112A70A00768C30 /* Assets.xcassets */; };
		493E179F2112B43300768C30 /* ResetPasswordViewController.swift in Sources */ = {isa = PBXBuildFile; fileRef = 493E179E2112B43300768C30 /* ResetPasswordViewController.swift */; };
		494AE0CA211661BC00D0176F /* HomeTableViewCell.swift in Sources */ = {isa = PBXBuildFile; fileRef = 494AE0C9211661BC00D0176F /* HomeTableViewCell.swift */; };
		495208B32113387700A55944 /* SignInSignUpModel.swift in Sources */ = {isa = PBXBuildFile; fileRef = 495208B22113387700A55944 /* SignInSignUpModel.swift */; };
		495208B521133A4100A55944 /* SettingsViewController.swift in Sources */ = {isa = PBXBuildFile; fileRef = 495208B421133A4100A55944 /* SettingsViewController.swift */; };
		495208B721133C1E00A55944 /* UpdatePasswordViewController.swift in Sources */ = {isa = PBXBuildFile; fileRef = 495208B621133C1E00A55944 /* UpdatePasswordViewController.swift */; };
		495208D921136B9E00A55944 /* CurrentUser.swift in Sources */ = {isa = PBXBuildFile; fileRef = 495208D821136B9E00A55944 /* CurrentUser.swift */; };
		495208DD21136ED800A55944 /* UpdateUserProfileViewController.swift in Sources */ = {isa = PBXBuildFile; fileRef = 495208DC21136ED800A55944 /* UpdateUserProfileViewController.swift */; };
		495208E021138F3300A55944 /* Home.storyboard in Resources */ = {isa = PBXBuildFile; fileRef = 495208DF21138F3300A55944 /* Home.storyboard */; };
		495208E221138F4F00A55944 /* Profile.storyboard in Resources */ = {isa = PBXBuildFile; fileRef = 495208E121138F4F00A55944 /* Profile.storyboard */; };
		49555FCD211B7D50006EFE65 /* DateHelper.swift in Sources */ = {isa = PBXBuildFile; fileRef = 49555FCC211B7D4F006EFE65 /* DateHelper.swift */; };
		49555FCF211B827A006EFE65 /* CommentViewController.swift in Sources */ = {isa = PBXBuildFile; fileRef = 49555FCE211B827A006EFE65 /* CommentViewController.swift */; };
		49555FD1211B82E0006EFE65 /* CommentTableViewCell.swift in Sources */ = {isa = PBXBuildFile; fileRef = 49555FD0211B82E0006EFE65 /* CommentTableViewCell.swift */; };
		49557A3B2113AFFF005F605D /* UserProfileViewController.swift in Sources */ = {isa = PBXBuildFile; fileRef = 49557A3A2113AFFE005F605D /* UserProfileViewController.swift */; };
		49592A842117862C00FB42DE /* ProfileCollectionViewCell.swift in Sources */ = {isa = PBXBuildFile; fileRef = 49592A832117862C00FB42DE /* ProfileCollectionViewCell.swift */; };
		49592A862117DAED00FB42DE /* User.swift in Sources */ = {isa = PBXBuildFile; fileRef = 49592A852117DAED00FB42DE /* User.swift */; };
		495AC7C92118A65D00547560 /* HomeController.swift in Sources */ = {isa = PBXBuildFile; fileRef = 495AC7C82118A65D00547560 /* HomeController.swift */; };
		495AC7CB2118B06200547560 /* Settings.swift in Sources */ = {isa = PBXBuildFile; fileRef = 495AC7CA2118B06200547560 /* Settings.swift */; };
		495AC7CD2118BCB700547560 /* UsersList.storyboard in Resources */ = {isa = PBXBuildFile; fileRef = 495AC7CC2118BCB700547560 /* UsersList.storyboard */; };
		495AC7CF2118BCF400547560 /* UserListViewController.swift in Sources */ = {isa = PBXBuildFile; fileRef = 495AC7CE2118BCF400547560 /* UserListViewController.swift */; };
		495AC7D42118CC2B00547560 /* UserListTableViewCell.swift in Sources */ = {isa = PBXBuildFile; fileRef = 495AC7D32118CC2B00547560 /* UserListTableViewCell.swift */; };
		495AC7D6211922FA00547560 /* Friends.storyboard in Resources */ = {isa = PBXBuildFile; fileRef = 495AC7D5211922FA00547560 /* Friends.storyboard */; };
		495AC7D92119237900547560 /* FriendsViewController.swift in Sources */ = {isa = PBXBuildFile; fileRef = 495AC7D82119237900547560 /* FriendsViewController.swift */; };
		495AC7DB211923A800547560 /* FriendTableViewCell.swift in Sources */ = {isa = PBXBuildFile; fileRef = 495AC7DA211923A800547560 /* FriendTableViewCell.swift */; };
		49D9B608211B9DAF00F75C1E /* Comment.swift in Sources */ = {isa = PBXBuildFile; fileRef = 49D9B607211B9DAF00F75C1E /* Comment.swift */; };
		49D9B60C211C02E600F75C1E /* NoofLikesViewController.swift in Sources */ = {isa = PBXBuildFile; fileRef = 49D9B60B211C02E600F75C1E /* NoofLikesViewController.swift */; };
		E85B5E0DF19E31ADEB243B2F /* Pods_InstagramAppRitu.framework in Frameworks */ = {isa = PBXBuildFile; fileRef = DE4A6B445318D861CED0BCDD /* Pods_InstagramAppRitu.framework */; };
/* End PBXBuildFile section */

/* Begin PBXFileReference section */
		0A7E5552827A41E1E7F2FEBA /* Pods-InstagramAppRitu.release.xcconfig */ = {isa = PBXFileReference; includeInIndex = 1; lastKnownFileType = text.xcconfig; name = "Pods-InstagramAppRitu.release.xcconfig"; path = "Pods/Target Support Files/Pods-InstagramAppRitu/Pods-InstagramAppRitu.release.xcconfig"; sourceTree = "<group>"; };
		493723C3211A9B740032E16D /* UpdateProfile.swift */ = {isa = PBXFileReference; lastKnownFileType = sourcecode.swift; path = UpdateProfile.swift; sourceTree = "<group>"; };
		493A037B211520E5003C5922 /* Posts.swift */ = {isa = PBXFileReference; lastKnownFileType = sourcecode.swift; path = Posts.swift; sourceTree = "<group>"; };
		493A037D211524E4003C5922 /* UploadPostsViewController.swift */ = {isa = PBXFileReference; lastKnownFileType = sourcecode.swift; path = UploadPostsViewController.swift; sourceTree = "<group>"; };
		493A037F21152539003C5922 /* UploadPosts.storyboard */ = {isa = PBXFileReference; lastKnownFileType = file.storyboard; path = UploadPosts.storyboard; sourceTree = "<group>"; };
		493A038221154B36003C5922 /* UploadPosts.swift */ = {isa = PBXFileReference; lastKnownFileType = sourcecode.swift; path = UploadPosts.swift; sourceTree = "<group>"; };
		493A038421154B88003C5922 /* UserProfile.swift */ = {isa = PBXFileReference; lastKnownFileType = sourcecode.swift; path = UserProfile.swift; sourceTree = "<group>"; };
		493E17622112998300768C30 /* InstagramAppRitu.app */ = {isa = PBXFileReference; explicitFileType = wrapper.application; includeInIndex = 0; path = InstagramAppRitu.app; sourceTree = BUILT_PRODUCTS_DIR; };
		493E177721129A4400768C30 /* Main.storyboard */ = {isa = PBXFileReference; fileEncoding = 4; lastKnownFileType = file.storyboard; path = Main.storyboard; sourceTree = "<group>"; };
		493E177821129A4500768C30 /* SignInViewController.swift */ = {isa = PBXFileReference; fileEncoding = 4; lastKnownFileType = sourcecode.swift; path = SignInViewController.swift; sourceTree = "<group>"; };
		493E177921129A4500768C30 /* AppDelegate.swift */ = {isa = PBXFileReference; fileEncoding = 4; lastKnownFileType = sourcecode.swift; path = AppDelegate.swift; sourceTree = "<group>"; };
		493E177A21129A4500768C30 /* LaunchScreen.storyboard */ = {isa = PBXFileReference; fileEncoding = 4; lastKnownFileType = file.storyboard; path = LaunchScreen.storyboard; sourceTree = "<group>"; };
		493E177B21129A4500768C30 /* ViewController.swift */ = {isa = PBXFileReference; fileEncoding = 4; lastKnownFileType = sourcecode.swift; path = ViewController.swift; sourceTree = "<group>"; };
		493E177D21129A4600768C30 /* SignUpViewController.swift */ = {isa = PBXFileReference; fileEncoding = 4; lastKnownFileType = sourcecode.swift; path = SignUpViewController.swift; sourceTree = "<group>"; };
		493E177F21129A4700768C30 /* HomeViewController.swift */ = {isa = PBXFileReference; fileEncoding = 4; lastKnownFileType = sourcecode.swift; path = HomeViewController.swift; sourceTree = "<group>"; };
		493E178021129A4700768C30 /* Info.plist */ = {isa = PBXFileReference; fileEncoding = 4; lastKnownFileType = text.plist.xml; path = Info.plist; sourceTree = "<group>"; };
		493E178B21129B6400768C30 /* GoogleService-Info.plist */ = {isa = PBXFileReference; fileEncoding = 4; lastKnownFileType = text.plist.xml; path = "GoogleService-Info.plist"; sourceTree = "<group>"; };
		493E179C2112A70A00768C30 /* Assets.xcassets */ = {isa = PBXFileReference; lastKnownFileType = folder.assetcatalog; path = Assets.xcassets; sourceTree = "<group>"; };
		493E179E2112B43300768C30 /* ResetPasswordViewController.swift */ = {isa = PBXFileReference; lastKnownFileType = sourcecode.swift; path = ResetPasswordViewController.swift; sourceTree = "<group>"; };
		494AE0C9211661BC00D0176F /* HomeTableViewCell.swift */ = {isa = PBXFileReference; lastKnownFileType = sourcecode.swift; path = HomeTableViewCell.swift; sourceTree = "<group>"; };
		495208B22113387700A55944 /* SignInSignUpModel.swift */ = {isa = PBXFileReference; lastKnownFileType = sourcecode.swift; path = SignInSignUpModel.swift; sourceTree = "<group>"; };
		495208B421133A4100A55944 /* SettingsViewController.swift */ = {isa = PBXFileReference; lastKnownFileType = sourcecode.swift; path = SettingsViewController.swift; sourceTree = "<group>"; };
		495208B621133C1E00A55944 /* UpdatePasswordViewController.swift */ = {isa = PBXFileReference; lastKnownFileType = sourcecode.swift; path = UpdatePasswordViewController.swift; sourceTree = "<group>"; };
		495208D821136B9E00A55944 /* CurrentUser.swift */ = {isa = PBXFileReference; lastKnownFileType = sourcecode.swift; path = CurrentUser.swift; sourceTree = "<group>"; };
		495208DC21136ED800A55944 /* UpdateUserProfileViewController.swift */ = {isa = PBXFileReference; lastKnownFileType = sourcecode.swift; path = UpdateUserProfileViewController.swift; sourceTree = "<group>"; };
		495208DF21138F3300A55944 /* Home.storyboard */ = {isa = PBXFileReference; lastKnownFileType = file.storyboard; path = Home.storyboard; sourceTree = "<group>"; };
		495208E121138F4F00A55944 /* Profile.storyboard */ = {isa = PBXFileReference; lastKnownFileType = file.storyboard; path = Profile.storyboard; sourceTree = "<group>"; };
		49555FCC211B7D4F006EFE65 /* DateHelper.swift */ = {isa = PBXFileReference; fileEncoding = 4; lastKnownFileType = sourcecode.swift; path = DateHelper.swift; sourceTree = "<group>"; };
		49555FCE211B827A006EFE65 /* CommentViewController.swift */ = {isa = PBXFileReference; lastKnownFileType = sourcecode.swift; name = CommentViewController.swift; path = "InstagramAppRitu/Controller/Initial Controllers/CommentViewController.swift"; sourceTree = SOURCE_ROOT; };
		49555FD0211B82E0006EFE65 /* CommentTableViewCell.swift */ = {isa = PBXFileReference; lastKnownFileType = sourcecode.swift; name = CommentTableViewCell.swift; path = InstagramAppRitu/Cell/CommentTableViewCell.swift; sourceTree = SOURCE_ROOT; };
		49557A3A2113AFFE005F605D /* UserProfileViewController.swift */ = {isa = PBXFileReference; lastKnownFileType = sourcecode.swift; path = UserProfileViewController.swift; sourceTree = "<group>"; };
		49592A832117862C00FB42DE /* ProfileCollectionViewCell.swift */ = {isa = PBXFileReference; lastKnownFileType = sourcecode.swift; path = ProfileCollectionViewCell.swift; sourceTree = "<group>"; };
		49592A852117DAED00FB42DE /* User.swift */ = {isa = PBXFileReference; lastKnownFileType = sourcecode.swift; path = User.swift; sourceTree = "<group>"; };
		495AC7C82118A65D00547560 /* HomeController.swift */ = {isa = PBXFileReference; lastKnownFileType = sourcecode.swift; path = HomeController.swift; sourceTree = "<group>"; };
		495AC7CA2118B06200547560 /* Settings.swift */ = {isa = PBXFileReference; lastKnownFileType = sourcecode.swift; path = Settings.swift; sourceTree = "<group>"; };
		495AC7CC2118BCB700547560 /* UsersList.storyboard */ = {isa = PBXFileReference; lastKnownFileType = file.storyboard; path = UsersList.storyboard; sourceTree = "<group>"; };
		495AC7CE2118BCF400547560 /* UserListViewController.swift */ = {isa = PBXFileReference; lastKnownFileType = sourcecode.swift; path = UserListViewController.swift; sourceTree = "<group>"; };
		495AC7D32118CC2B00547560 /* UserListTableViewCell.swift */ = {isa = PBXFileReference; lastKnownFileType = sourcecode.swift; path = UserListTableViewCell.swift; sourceTree = "<group>"; };
		495AC7D5211922FA00547560 /* Friends.storyboard */ = {isa = PBXFileReference; lastKnownFileType = file.storyboard; path = Friends.storyboard; sourceTree = "<group>"; };
		495AC7D82119237900547560 /* FriendsViewController.swift */ = {isa = PBXFileReference; lastKnownFileType = sourcecode.swift; path = FriendsViewController.swift; sourceTree = "<group>"; };
		495AC7DA211923A800547560 /* FriendTableViewCell.swift */ = {isa = PBXFileReference; lastKnownFileType = sourcecode.swift; path = FriendTableViewCell.swift; sourceTree = "<group>"; };
		49D9B607211B9DAF00F75C1E /* Comment.swift */ = {isa = PBXFileReference; lastKnownFileType = sourcecode.swift; path = Comment.swift; sourceTree = "<group>"; };
		49D9B60B211C02E600F75C1E /* NoofLikesViewController.swift */ = {isa = PBXFileReference; lastKnownFileType = sourcecode.swift; path = NoofLikesViewController.swift; sourceTree = "<group>"; };
		7E0710447E9262ED3F72B659 /* Pods-InstagramAppRitu.debug.xcconfig */ = {isa = PBXFileReference; includeInIndex = 1; lastKnownFileType = text.xcconfig; name = "Pods-InstagramAppRitu.debug.xcconfig"; path = "Pods/Target Support Files/Pods-InstagramAppRitu/Pods-InstagramAppRitu.debug.xcconfig"; sourceTree = "<group>"; };
		DE4A6B445318D861CED0BCDD /* Pods_InstagramAppRitu.framework */ = {isa = PBXFileReference; explicitFileType = wrapper.framework; includeInIndex = 0; path = Pods_InstagramAppRitu.framework; sourceTree = BUILT_PRODUCTS_DIR; };
/* End PBXFileReference section */

/* Begin PBXFrameworksBuildPhase section */
		493E175F2112998300768C30 /* Frameworks */ = {
			isa = PBXFrameworksBuildPhase;
			buildActionMask = 2147483647;
			files = (
				E85B5E0DF19E31ADEB243B2F /* Pods_InstagramAppRitu.framework in Frameworks */,
			);
			runOnlyForDeploymentPostprocessing = 0;
		};
/* End PBXFrameworksBuildPhase section */

/* Begin PBXGroup section */
		00580BECB1E3809D36DDE0E1 /* Pods */ = {
			isa = PBXGroup;
			children = (
				7E0710447E9262ED3F72B659 /* Pods-InstagramAppRitu.debug.xcconfig */,
				0A7E5552827A41E1E7F2FEBA /* Pods-InstagramAppRitu.release.xcconfig */,
			);
			name = Pods;
			sourceTree = "<group>";
		};
		493A038121154B01003C5922 /* Extension */ = {
			isa = PBXGroup;
			children = (
				493A038221154B36003C5922 /* UploadPosts.swift */,
				493A038421154B88003C5922 /* UserProfile.swift */,
				495AC7C82118A65D00547560 /* HomeController.swift */,
				495AC7CA2118B06200547560 /* Settings.swift */,
				493723C3211A9B740032E16D /* UpdateProfile.swift */,
			);
			path = Extension;
			sourceTree = "<group>";
		};
		493E17592112998300768C30 = {
			isa = PBXGroup;
			children = (
				493E17642112998300768C30 /* InstagramAppRitu */,
				493E17632112998300768C30 /* Products */,
				00580BECB1E3809D36DDE0E1 /* Pods */,
				9B5B75F119100A80B2A7CE11 /* Frameworks */,
			);
			sourceTree = "<group>";
		};
		493E17632112998300768C30 /* Products */ = {
			isa = PBXGroup;
			children = (
				493E17622112998300768C30 /* InstagramAppRitu.app */,
			);
			name = Products;
			sourceTree = "<group>";
		};
		493E17642112998300768C30 /* InstagramAppRitu */ = {
			isa = PBXGroup;
			children = (
				494AE0C8211661A400D0176F /* Cell */,
				493A038121154B01003C5922 /* Extension */,
				495208DE21138F2100A55944 /* Storyboards */,
				493E179B2112A56D00768C30 /* Controller */,
				493E179021129F0100768C30 /* Model */,
				493E177921129A4500768C30 /* AppDelegate.swift */,
				493E178021129A4700768C30 /* Info.plist */,
				493E179C2112A70A00768C30 /* Assets.xcassets */,
				493E178B21129B6400768C30 /* GoogleService-Info.plist */,
			);
			path = InstagramAppRitu;
			sourceTree = "<group>";
		};
		493E179021129F0100768C30 /* Model */ = {
			isa = PBXGroup;
			children = (
				49555FCC211B7D4F006EFE65 /* DateHelper.swift */,
				495208B22113387700A55944 /* SignInSignUpModel.swift */,
				495208D821136B9E00A55944 /* CurrentUser.swift */,
				493A037B211520E5003C5922 /* Posts.swift */,
				49592A852117DAED00FB42DE /* User.swift */,
				49D9B607211B9DAF00F75C1E /* Comment.swift */,
			);
			path = Model;
			sourceTree = "<group>";
		};
		493E179B2112A56D00768C30 /* Controller */ = {
			isa = PBXGroup;
			children = (
				495AC7D72119235700547560 /* FriendTabBar */,
				495AC7D22118C2B700547560 /* AddUserTabBar */,
				495AC7D12118BD3000547560 /* UserProfile Controllers */,
				495AC7D02118BD0D00547560 /* Initial Controllers */,
				493E177F21129A4700768C30 /* HomeViewController.swift */,
				493A037D211524E4003C5922 /* UploadPostsViewController.swift */,
				49D9B60B211C02E600F75C1E /* NoofLikesViewController.swift */,
			);
			path = Controller;
			sourceTree = "<group>";
		};
		494AE0C8211661A400D0176F /* Cell */ = {
			isa = PBXGroup;
			children = (
				49555FD0211B82E0006EFE65 /* CommentTableViewCell.swift */,
				494AE0C9211661BC00D0176F /* HomeTableViewCell.swift */,
				49592A832117862C00FB42DE /* ProfileCollectionViewCell.swift */,
				495AC7D32118CC2B00547560 /* UserListTableViewCell.swift */,
				495AC7DA211923A800547560 /* FriendTableViewCell.swift */,
			);
			path = Cell;
			sourceTree = "<group>";
		};
		495208DE21138F2100A55944 /* Storyboards */ = {
			isa = PBXGroup;
			children = (
				495208DF21138F3300A55944 /* Home.storyboard */,
				493E177A21129A4500768C30 /* LaunchScreen.storyboard */,
				493E177721129A4400768C30 /* Main.storyboard */,
				495208E121138F4F00A55944 /* Profile.storyboard */,
				493A037F21152539003C5922 /* UploadPosts.storyboard */,
				495AC7CC2118BCB700547560 /* UsersList.storyboard */,
				495AC7D5211922FA00547560 /* Friends.storyboard */,
			);
			path = Storyboards;
			sourceTree = "<group>";
		};
		495AC7D02118BD0D00547560 /* Initial Controllers */ = {
			isa = PBXGroup;
			children = (
				49555FCE211B827A006EFE65 /* CommentViewController.swift */,
				493E179E2112B43300768C30 /* ResetPasswordViewController.swift */,
				493E177821129A4500768C30 /* SignInViewController.swift */,
				493E177D21129A4600768C30 /* SignUpViewController.swift */,
				493E177B21129A4500768C30 /* ViewController.swift */,
			);
			path = "Initial Controllers";
			sourceTree = "<group>";
		};
		495AC7D12118BD3000547560 /* UserProfile Controllers */ = {
			isa = PBXGroup;
			children = (
				495208B421133A4100A55944 /* SettingsViewController.swift */,
				495208B621133C1E00A55944 /* UpdatePasswordViewController.swift */,
				495208DC21136ED800A55944 /* UpdateUserProfileViewController.swift */,
				49557A3A2113AFFE005F605D /* UserProfileViewController.swift */,
			);
			path = "UserProfile Controllers";
			sourceTree = "<group>";
		};
		495AC7D22118C2B700547560 /* AddUserTabBar */ = {
			isa = PBXGroup;
			children = (
				495AC7CE2118BCF400547560 /* UserListViewController.swift */,
			);
			name = AddUserTabBar;
			sourceTree = "<group>";
		};
		495AC7D72119235700547560 /* FriendTabBar */ = {
			isa = PBXGroup;
			children = (
				495AC7D82119237900547560 /* FriendsViewController.swift */,
			);
			path = FriendTabBar;
			sourceTree = "<group>";
		};
		9B5B75F119100A80B2A7CE11 /* Frameworks */ = {
			isa = PBXGroup;
			children = (
				DE4A6B445318D861CED0BCDD /* Pods_InstagramAppRitu.framework */,
			);
			name = Frameworks;
			sourceTree = "<group>";
		};
/* End PBXGroup section */

/* Begin PBXNativeTarget section */
		493E17612112998300768C30 /* InstagramAppRitu */ = {
			isa = PBXNativeTarget;
			buildConfigurationList = 493E17742112998500768C30 /* Build configuration list for PBXNativeTarget "InstagramAppRitu" */;
			buildPhases = (
				267E7CB0587E8864C1CD0559 /* [CP] Check Pods Manifest.lock */,
				493E175E2112998300768C30 /* Sources */,
				493E175F2112998300768C30 /* Frameworks */,
				493E17602112998300768C30 /* Resources */,
				16D8916EE2DF0E686F7098F8 /* [CP] Embed Pods Frameworks */,
				1C561B673AEFF09B8CDBB8CA /* [CP] Copy Pods Resources */,
			);
			buildRules = (
			);
			dependencies = (
			);
			name = InstagramAppRitu;
			productName = InstagramAppRitu;
			productReference = 493E17622112998300768C30 /* InstagramAppRitu.app */;
			productType = "com.apple.product-type.application";
		};
/* End PBXNativeTarget section */

/* Begin PBXProject section */
		493E175A2112998300768C30 /* Project object */ = {
			isa = PBXProject;
			attributes = {
				LastSwiftUpdateCheck = 0940;
				LastUpgradeCheck = 0940;
				ORGANIZATIONNAME = "Ritu Patel";
				TargetAttributes = {
					493E17612112998300768C30 = {
						CreatedOnToolsVersion = 9.4.1;
						LastSwiftMigration = 0940;
					};
				};
			};
			buildConfigurationList = 493E175D2112998300768C30 /* Build configuration list for PBXProject "InstagramAppRitu" */;
			compatibilityVersion = "Xcode 9.3";
			developmentRegion = en;
			hasScannedForEncodings = 0;
			knownRegions = (
				en,
				Base,
			);
			mainGroup = 493E17592112998300768C30;
			productRefGroup = 493E17632112998300768C30 /* Products */;
			projectDirPath = "";
			projectRoot = "";
			targets = (
				493E17612112998300768C30 /* InstagramAppRitu */,
			);
		};
/* End PBXProject section */

/* Begin PBXResourcesBuildPhase section */
		493E17602112998300768C30 /* Resources */ = {
			isa = PBXResourcesBuildPhase;
			buildActionMask = 2147483647;
			files = (
				493E178121129A4700768C30 /* Main.storyboard in Resources */,
				495AC7CD2118BCB700547560 /* UsersList.storyboard in Resources */,
				493E178C21129B6500768C30 /* GoogleService-Info.plist in Resources */,
				493E178A21129A4700768C30 /* Info.plist in Resources */,
				493A038021152539003C5922 /* UploadPosts.storyboard in Resources */,
				495208E021138F3300A55944 /* Home.storyboard in Resources */,
				495AC7D6211922FA00547560 /* Friends.storyboard in Resources */,
				493E178421129A4700768C30 /* LaunchScreen.storyboard in Resources */,
				495208E221138F4F00A55944 /* Profile.storyboard in Resources */,
				493E179D2112A70A00768C30 /* Assets.xcassets in Resources */,
			);
			runOnlyForDeploymentPostprocessing = 0;
		};
/* End PBXResourcesBuildPhase section */

/* Begin PBXShellScriptBuildPhase section */
		16D8916EE2DF0E686F7098F8 /* [CP] Embed Pods Frameworks */ = {
			isa = PBXShellScriptBuildPhase;
			buildActionMask = 2147483647;
			files = (
			);
			inputPaths = (
				"${SRCROOT}/Pods/Target Support Files/Pods-InstagramAppRitu/Pods-InstagramAppRitu-frameworks.sh",
				"${BUILT_PRODUCTS_DIR}/Bolts/Bolts.framework",
				"${BUILT_PRODUCTS_DIR}/FBSDKCoreKit/FBSDKCoreKit.framework",
				"${BUILT_PRODUCTS_DIR}/FBSDKLoginKit/FBSDKLoginKit.framework",
				"${BUILT_PRODUCTS_DIR}/FacebookCore/FacebookCore.framework",
				"${BUILT_PRODUCTS_DIR}/FacebookLogin/FacebookLogin.framework",
				"${BUILT_PRODUCTS_DIR}/GTMOAuth2/GTMOAuth2.framework",
				"${BUILT_PRODUCTS_DIR}/GTMSessionFetcher/GTMSessionFetcher.framework",
				"${BUILT_PRODUCTS_DIR}/GoogleToolboxForMac/GoogleToolboxForMac.framework",
				"${BUILT_PRODUCTS_DIR}/SDWebImage/SDWebImage.framework",
				"${BUILT_PRODUCTS_DIR}/TWMessageBarManager/TWMessageBarManager.framework",
				"${BUILT_PRODUCTS_DIR}/leveldb-library/leveldb.framework",
				"${BUILT_PRODUCTS_DIR}/nanopb/nanopb.framework",
			);
			name = "[CP] Embed Pods Frameworks";
			outputPaths = (
				"${TARGET_BUILD_DIR}/${FRAMEWORKS_FOLDER_PATH}/Bolts.framework",
				"${TARGET_BUILD_DIR}/${FRAMEWORKS_FOLDER_PATH}/FBSDKCoreKit.framework",
				"${TARGET_BUILD_DIR}/${FRAMEWORKS_FOLDER_PATH}/FBSDKLoginKit.framework",
				"${TARGET_BUILD_DIR}/${FRAMEWORKS_FOLDER_PATH}/FacebookCore.framework",
				"${TARGET_BUILD_DIR}/${FRAMEWORKS_FOLDER_PATH}/FacebookLogin.framework",
				"${TARGET_BUILD_DIR}/${FRAMEWORKS_FOLDER_PATH}/GTMOAuth2.framework",
				"${TARGET_BUILD_DIR}/${FRAMEWORKS_FOLDER_PATH}/GTMSessionFetcher.framework",
				"${TARGET_BUILD_DIR}/${FRAMEWORKS_FOLDER_PATH}/GoogleToolboxForMac.framework",
				"${TARGET_BUILD_DIR}/${FRAMEWORKS_FOLDER_PATH}/SDWebImage.framework",
				"${TARGET_BUILD_DIR}/${FRAMEWORKS_FOLDER_PATH}/TWMessageBarManager.framework",
				"${TARGET_BUILD_DIR}/${FRAMEWORKS_FOLDER_PATH}/leveldb.framework",
				"${TARGET_BUILD_DIR}/${FRAMEWORKS_FOLDER_PATH}/nanopb.framework",
			);
			runOnlyForDeploymentPostprocessing = 0;
			shellPath = /bin/sh;
			shellScript = "\"${SRCROOT}/Pods/Target Support Files/Pods-InstagramAppRitu/Pods-InstagramAppRitu-frameworks.sh\"\n";
			showEnvVarsInLog = 0;
		};
		1C561B673AEFF09B8CDBB8CA /* [CP] Copy Pods Resources */ = {
			isa = PBXShellScriptBuildPhase;
			buildActionMask = 2147483647;
			files = (
			);
			inputPaths = (
				"${SRCROOT}/Pods/Target Support Files/Pods-InstagramAppRitu/Pods-InstagramAppRitu-resources.sh",
				"${PODS_ROOT}/GoogleSignIn/Resources/GoogleSignIn.bundle",
			);
			name = "[CP] Copy Pods Resources";
			outputPaths = (
				"${TARGET_BUILD_DIR}/${UNLOCALIZED_RESOURCES_FOLDER_PATH}/GoogleSignIn.bundle",
			);
			runOnlyForDeploymentPostprocessing = 0;
			shellPath = /bin/sh;
			shellScript = "\"${SRCROOT}/Pods/Target Support Files/Pods-InstagramAppRitu/Pods-InstagramAppRitu-resources.sh\"\n";
			showEnvVarsInLog = 0;
		};
		267E7CB0587E8864C1CD0559 /* [CP] Check Pods Manifest.lock */ = {
			isa = PBXShellScriptBuildPhase;
			buildActionMask = 2147483647;
			files = (
			);
			inputPaths = (
				"${PODS_PODFILE_DIR_PATH}/Podfile.lock",
				"${PODS_ROOT}/Manifest.lock",
			);
			name = "[CP] Check Pods Manifest.lock";
			outputPaths = (
				"$(DERIVED_FILE_DIR)/Pods-InstagramAppRitu-checkManifestLockResult.txt",
			);
			runOnlyForDeploymentPostprocessing = 0;
			shellPath = /bin/sh;
			shellScript = "diff \"${PODS_PODFILE_DIR_PATH}/Podfile.lock\" \"${PODS_ROOT}/Manifest.lock\" > /dev/null\nif [ $? != 0 ] ; then\n    # print error to STDERR\n    echo \"error: The sandbox is not in sync with the Podfile.lock. Run 'pod install' or update your CocoaPods installation.\" >&2\n    exit 1\nfi\n# This output is used by Xcode 'outputs' to avoid re-running this script phase.\necho \"SUCCESS\" > \"${SCRIPT_OUTPUT_FILE_0}\"\n";
			showEnvVarsInLog = 0;
		};
/* End PBXShellScriptBuildPhase section */

/* Begin PBXSourcesBuildPhase section */
		493E175E2112998300768C30 /* Sources */ = {
			isa = PBXSourcesBuildPhase;
			buildActionMask = 2147483647;
			files = (
				49D9B60C211C02E600F75C1E /* NoofLikesViewController.swift in Sources */,
				49555FCF211B827A006EFE65 /* CommentViewController.swift in Sources */,
				493A037E211524E4003C5922 /* UploadPostsViewController.swift in Sources */,
				495AC7CF2118BCF400547560 /* UserListViewController.swift in Sources */,
				493E178921129A4700768C30 /* HomeViewController.swift in Sources */,
				493A037C211520E5003C5922 /* Posts.swift in Sources */,
				495208B32113387700A55944 /* SignInSignUpModel.swift in Sources */,
				495AC7D42118CC2B00547560 /* UserListTableViewCell.swift in Sources */,
				495AC7C92118A65D00547560 /* HomeController.swift in Sources */,
				495AC7DB211923A800547560 /* FriendTableViewCell.swift in Sources */,
				495208D921136B9E00A55944 /* CurrentUser.swift in Sources */,
				495208B721133C1E00A55944 /* UpdatePasswordViewController.swift in Sources */,
				494AE0CA211661BC00D0176F /* HomeTableViewCell.swift in Sources */,
				493E178521129A4700768C30 /* ViewController.swift in Sources */,
				493E178321129A4700768C30 /* AppDelegate.swift in Sources */,
				493E178721129A4700768C30 /* SignUpViewController.swift in Sources */,
				493E179F2112B43300768C30 /* ResetPasswordViewController.swift in Sources */,
				493A038321154B36003C5922 /* UploadPosts.swift in Sources */,
				49557A3B2113AFFF005F605D /* UserProfileViewController.swift in Sources */,
				495AC7D92119237900547560 /* FriendsViewController.swift in Sources */,
				49592A842117862C00FB42DE /* ProfileCollectionViewCell.swift in Sources */,
				49555FD1211B82E0006EFE65 /* CommentTableViewCell.swift in Sources */,
				493E178221129A4700768C30 /* SignInViewController.swift in Sources */,
				495208B521133A4100A55944 /* SettingsViewController.swift in Sources */,
				495208DD21136ED800A55944 /* UpdateUserProfileViewController.swift in Sources */,
				493723C4211A9B740032E16D /* UpdateProfile.swift in Sources */,
				49D9B608211B9DAF00F75C1E /* Comment.swift in Sources */,
				495AC7CB2118B06200547560 /* Settings.swift in Sources */,
				49555FCD211B7D50006EFE65 /* DateHelper.swift in Sources */,
				493A038521154B88003C5922 /* UserProfile.swift in Sources */,
				49592A862117DAED00FB42DE /* User.swift in Sources */,
			);
			runOnlyForDeploymentPostprocessing = 0;
		};
/* End PBXSourcesBuildPhase section */

/* Begin XCBuildConfiguration section */
		493E17722112998500768C30 /* Debug */ = {
			isa = XCBuildConfiguration;
			buildSettings = {
				ALWAYS_SEARCH_USER_PATHS = NO;
				CLANG_ANALYZER_NONNULL = YES;
				CLANG_ANALYZER_NUMBER_OBJECT_CONVERSION = YES_AGGRESSIVE;
				CLANG_CXX_LANGUAGE_STANDARD = "gnu++14";
				CLANG_CXX_LIBRARY = "libc++";
				CLANG_ENABLE_MODULES = YES;
				CLANG_ENABLE_OBJC_ARC = YES;
				CLANG_ENABLE_OBJC_WEAK = YES;
				CLANG_WARN_BLOCK_CAPTURE_AUTORELEASING = YES;
				CLANG_WARN_BOOL_CONVERSION = YES;
				CLANG_WARN_COMMA = YES;
				CLANG_WARN_CONSTANT_CONVERSION = YES;
				CLANG_WARN_DEPRECATED_OBJC_IMPLEMENTATIONS = YES;
				CLANG_WARN_DIRECT_OBJC_ISA_USAGE = YES_ERROR;
				CLANG_WARN_DOCUMENTATION_COMMENTS = YES;
				CLANG_WARN_EMPTY_BODY = YES;
				CLANG_WARN_ENUM_CONVERSION = YES;
				CLANG_WARN_INFINITE_RECURSION = YES;
				CLANG_WARN_INT_CONVERSION = YES;
				CLANG_WARN_NON_LITERAL_NULL_CONVERSION = YES;
				CLANG_WARN_OBJC_IMPLICIT_RETAIN_SELF = YES;
				CLANG_WARN_OBJC_LITERAL_CONVERSION = YES;
				CLANG_WARN_OBJC_ROOT_CLASS = YES_ERROR;
				CLANG_WARN_RANGE_LOOP_ANALYSIS = YES;
				CLANG_WARN_STRICT_PROTOTYPES = YES;
				CLANG_WARN_SUSPICIOUS_MOVE = YES;
				CLANG_WARN_UNGUARDED_AVAILABILITY = YES_AGGRESSIVE;
				CLANG_WARN_UNREACHABLE_CODE = YES;
				CLANG_WARN__DUPLICATE_METHOD_MATCH = YES;
				CODE_SIGN_IDENTITY = "iPhone Developer";
				COPY_PHASE_STRIP = NO;
				DEBUG_INFORMATION_FORMAT = dwarf;
				ENABLE_STRICT_OBJC_MSGSEND = YES;
				ENABLE_TESTABILITY = YES;
				GCC_C_LANGUAGE_STANDARD = gnu11;
				GCC_DYNAMIC_NO_PIC = NO;
				GCC_NO_COMMON_BLOCKS = YES;
				GCC_OPTIMIZATION_LEVEL = 0;
				GCC_PREPROCESSOR_DEFINITIONS = (
					"DEBUG=1",
					"$(inherited)",
				);
				GCC_WARN_64_TO_32_BIT_CONVERSION = YES;
				GCC_WARN_ABOUT_RETURN_TYPE = YES_ERROR;
				GCC_WARN_UNDECLARED_SELECTOR = YES;
				GCC_WARN_UNINITIALIZED_AUTOS = YES_AGGRESSIVE;
				GCC_WARN_UNUSED_FUNCTION = YES;
				GCC_WARN_UNUSED_VARIABLE = YES;
				IPHONEOS_DEPLOYMENT_TARGET = 11.4;
				MTL_ENABLE_DEBUG_INFO = YES;
				ONLY_ACTIVE_ARCH = YES;
				SDKROOT = iphoneos;
				SWIFT_ACTIVE_COMPILATION_CONDITIONS = DEBUG;
				SWIFT_OPTIMIZATION_LEVEL = "-Onone";
			};
			name = Debug;
		};
		493E17732112998500768C30 /* Release */ = {
			isa = XCBuildConfiguration;
			buildSettings = {
				ALWAYS_SEARCH_USER_PATHS = NO;
				CLANG_ANALYZER_NONNULL = YES;
				CLANG_ANALYZER_NUMBER_OBJECT_CONVERSION = YES_AGGRESSIVE;
				CLANG_CXX_LANGUAGE_STANDARD = "gnu++14";
				CLANG_CXX_LIBRARY = "libc++";
				CLANG_ENABLE_MODULES = YES;
				CLANG_ENABLE_OBJC_ARC = YES;
				CLANG_ENABLE_OBJC_WEAK = YES;
				CLANG_WARN_BLOCK_CAPTURE_AUTORELEASING = YES;
				CLANG_WARN_BOOL_CONVERSION = YES;
				CLANG_WARN_COMMA = YES;
				CLANG_WARN_CONSTANT_CONVERSION = YES;
				CLANG_WARN_DEPRECATED_OBJC_IMPLEMENTATIONS = YES;
				CLANG_WARN_DIRECT_OBJC_ISA_USAGE = YES_ERROR;
				CLANG_WARN_DOCUMENTATION_COMMENTS = YES;
				CLANG_WARN_EMPTY_BODY = YES;
				CLANG_WARN_ENUM_CONVERSION = YES;
				CLANG_WARN_INFINITE_RECURSION = YES;
				CLANG_WARN_INT_CONVERSION = YES;
				CLANG_WARN_NON_LITERAL_NULL_CONVERSION = YES;
				CLANG_WARN_OBJC_IMPLICIT_RETAIN_SELF = YES;
				CLANG_WARN_OBJC_LITERAL_CONVERSION = YES;
				CLANG_WARN_OBJC_ROOT_CLASS = YES_ERROR;
				CLANG_WARN_RANGE_LOOP_ANALYSIS = YES;
				CLANG_WARN_STRICT_PROTOTYPES = YES;
				CLANG_WARN_SUSPICIOUS_MOVE = YES;
				CLANG_WARN_UNGUARDED_AVAILABILITY = YES_AGGRESSIVE;
				CLANG_WARN_UNREACHABLE_CODE = YES;
				CLANG_WARN__DUPLICATE_METHOD_MATCH = YES;
				CODE_SIGN_IDENTITY = "iPhone Developer";
				COPY_PHASE_STRIP = NO;
				DEBUG_INFORMATION_FORMAT = "dwarf-with-dsym";
				ENABLE_NS_ASSERTIONS = NO;
				ENABLE_STRICT_OBJC_MSGSEND = YES;
				GCC_C_LANGUAGE_STANDARD = gnu11;
				GCC_NO_COMMON_BLOCKS = YES;
				GCC_WARN_64_TO_32_BIT_CONVERSION = YES;
				GCC_WARN_ABOUT_RETURN_TYPE = YES_ERROR;
				GCC_WARN_UNDECLARED_SELECTOR = YES;
				GCC_WARN_UNINITIALIZED_AUTOS = YES_AGGRESSIVE;
				GCC_WARN_UNUSED_FUNCTION = YES;
				GCC_WARN_UNUSED_VARIABLE = YES;
				IPHONEOS_DEPLOYMENT_TARGET = 11.4;
				MTL_ENABLE_DEBUG_INFO = NO;
				SDKROOT = iphoneos;
				SWIFT_COMPILATION_MODE = wholemodule;
				SWIFT_OPTIMIZATION_LEVEL = "-O";
				VALIDATE_PRODUCT = YES;
			};
			name = Release;
		};
		493E17752112998500768C30 /* Debug */ = {
			isa = XCBuildConfiguration;
			baseConfigurationReference = 7E0710447E9262ED3F72B659 /* Pods-InstagramAppRitu.debug.xcconfig */;
			buildSettings = {
				ASSETCATALOG_COMPILER_APPICON_NAME = AppIcon;
				CLANG_ENABLE_MODULES = YES;
				CODE_SIGN_STYLE = Automatic;
				INFOPLIST_FILE = InstagramAppRitu/Info.plist;
				LD_RUNPATH_SEARCH_PATHS = (
					"$(inherited)",
					"@executable_path/Frameworks",
				);
				PRODUCT_BUNDLE_IDENTIFIER = "Ritu-Patel.InstagramAppRitu";
				PRODUCT_NAME = "$(TARGET_NAME)";
				SWIFT_OPTIMIZATION_LEVEL = "-Onone";
				SWIFT_VERSION = 4.0;
				TARGETED_DEVICE_FAMILY = "1,2";
			};
			name = Debug;
		};
		493E17762112998500768C30 /* Release */ = {
			isa = XCBuildConfiguration;
			baseConfigurationReference = 0A7E5552827A41E1E7F2FEBA /* Pods-InstagramAppRitu.release.xcconfig */;
			buildSettings = {
				ASSETCATALOG_COMPILER_APPICON_NAME = AppIcon;
				CLANG_ENABLE_MODULES = YES;
				CODE_SIGN_STYLE = Automatic;
				INFOPLIST_FILE = InstagramAppRitu/Info.plist;
				LD_RUNPATH_SEARCH_PATHS = (
					"$(inherited)",
					"@executable_path/Frameworks",
				);
				PRODUCT_BUNDLE_IDENTIFIER = "Ritu-Patel.InstagramAppRitu";
				PRODUCT_NAME = "$(TARGET_NAME)";
				SWIFT_VERSION = 4.0;
				TARGETED_DEVICE_FAMILY = "1,2";
			};
			name = Release;
		};
/* End XCBuildConfiguration section */

/* Begin XCConfigurationList section */
		493E175D2112998300768C30 /* Build configuration list for PBXProject "InstagramAppRitu" */ = {
			isa = XCConfigurationList;
			buildConfigurations = (
				493E17722112998500768C30 /* Debug */,
				493E17732112998500768C30 /* Release */,
			);
			defaultConfigurationIsVisible = 0;
			defaultConfigurationName = Release;
		};
		493E17742112998500768C30 /* Build configuration list for PBXNativeTarget "InstagramAppRitu" */ = {
			isa = XCConfigurationList;
			buildConfigurations = (
				493E17752112998500768C30 /* Debug */,
				493E17762112998500768C30 /* Release */,
			);
			defaultConfigurationIsVisible = 0;
			defaultConfigurationName = Release;
		};
/* End XCConfigurationList section */
	};
	rootObject = 493E175A2112998300768C30 /* Project object */;
}
